ad1f1c68efb4d4feb08e4a3df45dba2a22b0f33da2708826b02446362f39bff8  56bf9fed93df48d2b747edd6e7a7c5fbe2b01afe.tar.gz
8aca8db96f1b94770f1b0d72b6dddcb1ebb8123cb3712530b08cc387b349a3d8  actionlint_1.7.12_linux_amd64.tar.gz
6e7241b51e6817ea6a047693d8e6fed13b31819c9a0dd6c5a726e1592d22f6e9  actionlint_1.7.12_windows_amd64.zip
551f6fc83ea457d62a0d98237cbad105af8d557003051f41f3e7ca7b3f2470eb  gitleaks_8.30.1_linux_x64.tar.gz
d29144deff3a68aa93ced33dddf84b7fdc26070add4aa0f4513094c8332afc4e  gitleaks_8.30.1_windows_x64.zip
708effb774be8237570d0add163225abbdfaf4fca28b2611df167beba4feef89  go1.26.6.linux-amd64.tar.gz
5b6c5b556525810463b5c897b50dc7a82d6a3dc0bfaf55d990a7e9f31d6b2318  go1.26.6.windows-amd64.zip
d0c997128c3c775be10311f80b4c20c9f85bbc8c2ebb2601f5957b7290b71412  openwrt-25.12.5-mediatek-filogic-glinet_gl-mt6000-squashfs-factory.bin
4b506982cc4ae2e1ebdee85be637fdfd59ed7df83e9995e03ffd641c58954390  openwrt-25.12.5-mediatek-filogic-glinet_gl-mt6000-squashfs-sysupgrade.bin
23e2538e8ab0eb52dfed1c65d608ecdb71ffd432dd54885da138ae67cd9e4461  openwrt-25.12.5-x86-64-generic-ext4-combined.img.gz
1d1a95d56ddf521d7f83df7ce487201f9e22f932dd9fba75eb173c539054d92a  dnsmasq-full-2.93-r1.apk
ccb056ae416635ceeedec2bf1d137c1b9a181069f818e0f1404547e8e16ad22d  ip-full-6.18.0-r2.apk
a514da8981d118b9f31c6f5fecead679cbf00f10381d2481f1c3a59705fbae6f  kmod-nf-conntrack-netlink-6.12.94-r1.apk
60511f7f251599c0c27246aaa3c2cc46f267d52dd76070195eb9f707124f1699  libbpf1-1.6.2-r1.apk
708a8992361a5bd18e7158f92961569cb904dc74c0525d67c906ccedb8404334  libelf1-0.192-r1.apk
424af0523d50608b8ba0ac9fb8411451f1ba73e4e3b8a76bcffdafb78feb6eae  libgmp10-6.3.0-r2.apk
d2e6866ff4230202319c4e99610b1e8790c55516e5ccf35a8faa59feb7106a2d  libnetfilter-conntrack3-1.1.0-r1.apk
4520b43d6336a91cafe38e0753da44d204aa616cc7372c84439feb6478be6f3d  libnfnetlink0-1.0.2-r1.apk
cc08604a5839f5ec59094e0ad1492195d9a5a8b555bc941e55908b8014d40a39  libnettle8-3.10.2-r1.apk
ff4a38a397caa2cfe1c39e18f84ddede14878221b3593c3f2c4cfe24e3ec4c25  openwrt-sdk-25.12.5-mediatek-filogic_gcc-14.3.0_musl.Linux-x86_64.tar.zst
238d9aa37a55d7b4afcb66245f36fc7410774c067fec40084e00eea474de9862  Pester.6.0.0.nupkg
6cbcfbf20e376aa62ffd91c973493c41a7a52ddfd5a5db3ff9bc12f0d0fe9292  powershell-7.6.2-linux-x64.tar.gz
32e0dd26752483ba3f0e40e9ae44150643cbff469c13210c93295d158bfd7b26  PowerShell-7.6.2-win-x64.zip
8c3be12b05d5c177a04c29e3c78ce89ac86f1595681cab149b65b97c4e227198  shellcheck-v0.11.0.linux.x86_64.tar.xz
d2fde8df81199e2350b43f387fe79b3056a2278457504fa1f91cd170cb0f474b  v0.2.19.tar.gz
e062ecc9f1d89eeafa9f56a29473372a1d796ee061eaa8c7b61eeb51c38b80d6  v1.0.20260611.tar.gz
cbda09c90d0740b6c3d39622da9f96cfdc2b83459d45973aadd7bf77518fdf10  v1.0.20260618-2.tar.gz
